
Microsoft Visual Studio Solution File, Format Version 12.00
# Visual Studio 2012
Project("{FAE04EC0-301F-11D3-BF4B-00C04F79EFBC}") = "DesktopSharingHost", "DesktopSharing\DesktopSharingHost.csproj", "{4A68A730-8D2C-485D-B9C9-91EA2CEC5A3A}"
EndProject
Project("{FAE04EC0-301F-11D3-BF4B-00C04F79EFBC}") = "DesktopSharingViewer", "..\DesktopSharingViewer\DesktopSharingViewer\DesktopSharingViewer.csproj", "{041771EE-6E65-4A37-87AA-3E94D07E12C7}"
EndProject
Global
	GlobalSection(SolutionConfigurationPlatforms) = preSolution
		Debug|Any CPU = Debug|Any CPU
		Release|Any CPU = Release|Any CPU
	EndGlobalSection
	GlobalSection(ProjectConfigurationPlatforms) = postSolution
		{4A68A730-8D2C-485D-B9C9-91EA2CEC5A3A}.Debug|Any CPU.ActiveCfg = Debug|Any CPU
		{4A68A730-8D2C-485D-B9C9-91EA2CEC5A3A}.Debug|Any CPU.Build.0 = Debug|Any CPU
		{4A68A730-8D2C-485D-B9C9-91EA2CEC5A3A}.Release|Any CPU.ActiveCfg = Release|Any CPU
		{4A68A730-8D2C-485D-B9C9-91EA2CEC5A3A}.Release|Any CPU.Build.0 = Release|Any CPU
		{041771EE-6E65-4A37-87AA-3E94D07E12C7}.Debug|Any CPU.ActiveCfg = Debug|Any CPU
		{041771EE-6E65-4A37-87AA-3E94D07E12C7}.Debug|Any CPU.Build.0 = Debug|Any CPU
		{041771EE-6E65-4A37-87AA-3E94D07E12C7}.Release|Any CPU.ActiveCfg = Release|Any CPU
		{041771EE-6E65-4A37-87AA-3E94D07E12C7}.Release|Any CPU.Build.0 = Release|Any CPU
	EndGlobalSection
	GlobalSection(SolutionProperties) = preSolution
		HideSolutionNode = FALSE
	EndGlobalSection
EndGlobal
