
Microsoft Visual Studio Solution File, Format Version 12.00
# Visual Studio 2012
Project("{FAE04EC0-301F-11D3-BF4B-00C04F79EFBC}") = "MViewer", "MViewer\MViewer.csproj", "{30639E41-AEAF-4321-8E4F-BB80A2DEAB98}"
EndProject
Project("{FAE04EC0-301F-11D3-BF4B-00C04F79EFBC}") = "UIControls", "Libraries\UIControls\UIControls.csproj", "{37D78FE4-C863-4E19-BF23-C5A6253CC734}"
EndProject
Project("{FAE04EC0-301F-11D3-BF4B-00C04F79EFBC}") = "Utils", "Libraries\Utils\Utils.csproj", "{D5B65F88-DF4B-4A9A-AF3C-D3328CA0B364}"
EndProject
Project("{FAE04EC0-301F-11D3-BF4B-00C04F79EFBC}") = "GenericObjects", "Libraries\GenericData\GenericObjects.csproj", "{F04C343C-9057-45BE-B8E0-A6BB4CBD3E12}"
EndProject
Project("{FAE04EC0-301F-11D3-BF4B-00C04F79EFBC}") = "DataAccessLayer", "Libraries\DataAccess\DataAccessLayer.csproj", "{B0788A7C-1297-4B64-BE84-10799BD6BE66}"
EndProject
Project("{FAE04EC0-301F-11D3-BF4B-00C04F79EFBC}") = "BusinessLogicLayer", "Libraries\BusinessLogic\BusinessLogicLayer.csproj", "{249C2004-757F-44B9-BE01-B280727B98DC}"
EndProject
Project("{FAE04EC0-301F-11D3-BF4B-00C04F79EFBC}") = "DesktopSharingCore", "Libraries\DesktopSharing\DesktopSharing\DesktopSharingCore.csproj", "{4A68A730-8D2C-485D-B9C9-91EA2CEC5A3A}"
EndProject
Project("{FAE04EC0-301F-11D3-BF4B-00C04F79EFBC}") = "CommandHookMonitor", "Libraries\CommandHookMonitor\CommandHookMonitor.csproj", "{F52AA97E-180A-40ED-8F2B-09080171D6C7}"
EndProject
Project("{FAE04EC0-301F-11D3-BF4B-00C04F79EFBC}") = "StrategyPattern", "Libraries\StrategyPattern\StrategyPattern.csproj", "{BFCA88DD-1DAF-4447-96A4-A112C03B1570}"
EndProject
Project("{FAE04EC0-301F-11D3-BF4B-00C04F79EFBC}") = "InputSimulator", "Libraries\InputSimulator\InputSimulator.csproj", "{3549CD6F-80F8-450F-B99E-CF0A736B1F2A}"
EndProject
Project("{FAE04EC0-301F-11D3-BF4B-00C04F79EFBC}") = "AudioStreaming", "Libraries\AudioStreaming\AudioStreaming.csproj", "{3195DEBD-9EEF-410E-8FB6-CF804C541FD7}"
EndProject
Project("{FAE04EC0-301F-11D3-BF4B-00C04F79EFBC}") = "Abstraction", "Libraries\Interfaces\Abstraction.csproj", "{9E8D07BE-E021-4991-9406-71A1668D99A8}"
EndProject
Project("{FAE04EC0-301F-11D3-BF4B-00C04F79EFBC}") = "Structures", "Libraries\Structures\Structures.csproj", "{317B6F1F-6ED8-4F63-973E-4504D232E94B}"
EndProject
Project("{FAE04EC0-301F-11D3-BF4B-00C04F79EFBC}") = "Communicator", "Libraries\Communicator\Communicator.csproj", "{9249E167-8F34-45C7-B1BE-9FE5C86458DD}"
EndProject
Project("{FAE04EC0-301F-11D3-BF4B-00C04F79EFBC}") = "CustomEventArgs", "Libraries\CustomEventArgs\CustomEventArgs.csproj", "{7DCA20A9-3E1C-44F6-B1E6-8BA028B1DFF3}"
EndProject
Global
	GlobalSection(SolutionConfigurationPlatforms) = preSolution
		Debug|Any CPU = Debug|Any CPU
		Debug|Mixed Platforms = Debug|Mixed Platforms
		Debug|x86 = Debug|x86
		Release|Any CPU = Release|Any CPU
		Release|Mixed Platforms = Release|Mixed Platforms
		Release|x86 = Release|x86
	EndGlobalSection
	GlobalSection(ProjectConfigurationPlatforms) = postSolution
		{30639E41-AEAF-4321-8E4F-BB80A2DEAB98}.Debug|Any CPU.ActiveCfg = Debug|Any CPU
		{30639E41-AEAF-4321-8E4F-BB80A2DEAB98}.Debug|Any CPU.Build.0 = Debug|Any CPU
		{30639E41-AEAF-4321-8E4F-BB80A2DEAB98}.Debug|Mixed Platforms.ActiveCfg = Debug|x86
		{30639E41-AEAF-4321-8E4F-BB80A2DEAB98}.Debug|Mixed Platforms.Build.0 = Debug|x86
		{30639E41-AEAF-4321-8E4F-BB80A2DEAB98}.Debug|x86.ActiveCfg = Debug|x86
		{30639E41-AEAF-4321-8E4F-BB80A2DEAB98}.Debug|x86.Build.0 = Debug|x86
		{30639E41-AEAF-4321-8E4F-BB80A2DEAB98}.Release|Any CPU.ActiveCfg = Release|x86
		{30639E41-AEAF-4321-8E4F-BB80A2DEAB98}.Release|Mixed Platforms.ActiveCfg = Release|x86
		{30639E41-AEAF-4321-8E4F-BB80A2DEAB98}.Release|Mixed Platforms.Build.0 = Release|x86
		{30639E41-AEAF-4321-8E4F-BB80A2DEAB98}.Release|x86.ActiveCfg = Release|x86
		{30639E41-AEAF-4321-8E4F-BB80A2DEAB98}.Release|x86.Build.0 = Release|x86
		{37D78FE4-C863-4E19-BF23-C5A6253CC734}.Debug|Any CPU.ActiveCfg = Debug|Any CPU
		{37D78FE4-C863-4E19-BF23-C5A6253CC734}.Debug|Any CPU.Build.0 = Debug|Any CPU
		{37D78FE4-C863-4E19-BF23-C5A6253CC734}.Debug|Mixed Platforms.ActiveCfg = Debug|x86
		{37D78FE4-C863-4E19-BF23-C5A6253CC734}.Debug|Mixed Platforms.Build.0 = Debug|x86
		{37D78FE4-C863-4E19-BF23-C5A6253CC734}.Debug|x86.ActiveCfg = Debug|x86
		{37D78FE4-C863-4E19-BF23-C5A6253CC734}.Debug|x86.Build.0 = Debug|x86
		{37D78FE4-C863-4E19-BF23-C5A6253CC734}.Release|Any CPU.ActiveCfg = Release|Any CPU
		{37D78FE4-C863-4E19-BF23-C5A6253CC734}.Release|Any CPU.Build.0 = Release|Any CPU
		{37D78FE4-C863-4E19-BF23-C5A6253CC734}.Release|Mixed Platforms.ActiveCfg = Release|x86
		{37D78FE4-C863-4E19-BF23-C5A6253CC734}.Release|Mixed Platforms.Build.0 = Release|x86
		{37D78FE4-C863-4E19-BF23-C5A6253CC734}.Release|x86.ActiveCfg = Release|x86
		{37D78FE4-C863-4E19-BF23-C5A6253CC734}.Release|x86.Build.0 = Release|x86
		{D5B65F88-DF4B-4A9A-AF3C-D3328CA0B364}.Debug|Any CPU.ActiveCfg = Debug|Any CPU
		{D5B65F88-DF4B-4A9A-AF3C-D3328CA0B364}.Debug|Any CPU.Build.0 = Debug|Any CPU
		{D5B65F88-DF4B-4A9A-AF3C-D3328CA0B364}.Debug|Mixed Platforms.ActiveCfg = Debug|x86
		{D5B65F88-DF4B-4A9A-AF3C-D3328CA0B364}.Debug|Mixed Platforms.Build.0 = Debug|x86
		{D5B65F88-DF4B-4A9A-AF3C-D3328CA0B364}.Debug|x86.ActiveCfg = Debug|x86
		{D5B65F88-DF4B-4A9A-AF3C-D3328CA0B364}.Debug|x86.Build.0 = Debug|x86
		{D5B65F88-DF4B-4A9A-AF3C-D3328CA0B364}.Release|Any CPU.ActiveCfg = Release|Any CPU
		{D5B65F88-DF4B-4A9A-AF3C-D3328CA0B364}.Release|Any CPU.Build.0 = Release|Any CPU
		{D5B65F88-DF4B-4A9A-AF3C-D3328CA0B364}.Release|Mixed Platforms.ActiveCfg = Release|x86
		{D5B65F88-DF4B-4A9A-AF3C-D3328CA0B364}.Release|Mixed Platforms.Build.0 = Release|x86
		{D5B65F88-DF4B-4A9A-AF3C-D3328CA0B364}.Release|x86.ActiveCfg = Release|x86
		{D5B65F88-DF4B-4A9A-AF3C-D3328CA0B364}.Release|x86.Build.0 = Release|x86
		{F04C343C-9057-45BE-B8E0-A6BB4CBD3E12}.Debug|Any CPU.ActiveCfg = Debug|Any CPU
		{F04C343C-9057-45BE-B8E0-A6BB4CBD3E12}.Debug|Any CPU.Build.0 = Debug|Any CPU
		{F04C343C-9057-45BE-B8E0-A6BB4CBD3E12}.Debug|Mixed Platforms.ActiveCfg = Debug|x86
		{F04C343C-9057-45BE-B8E0-A6BB4CBD3E12}.Debug|Mixed Platforms.Build.0 = Debug|x86
		{F04C343C-9057-45BE-B8E0-A6BB4CBD3E12}.Debug|x86.ActiveCfg = Debug|x86
		{F04C343C-9057-45BE-B8E0-A6BB4CBD3E12}.Debug|x86.Build.0 = Debug|x86
		{F04C343C-9057-45BE-B8E0-A6BB4CBD3E12}.Release|Any CPU.ActiveCfg = Release|Any CPU
		{F04C343C-9057-45BE-B8E0-A6BB4CBD3E12}.Release|Any CPU.Build.0 = Release|Any CPU
		{F04C343C-9057-45BE-B8E0-A6BB4CBD3E12}.Release|Mixed Platforms.ActiveCfg = Release|x86
		{F04C343C-9057-45BE-B8E0-A6BB4CBD3E12}.Release|Mixed Platforms.Build.0 = Release|x86
		{F04C343C-9057-45BE-B8E0-A6BB4CBD3E12}.Release|x86.ActiveCfg = Release|x86
		{F04C343C-9057-45BE-B8E0-A6BB4CBD3E12}.Release|x86.Build.0 = Release|x86
		{B0788A7C-1297-4B64-BE84-10799BD6BE66}.Debug|Any CPU.ActiveCfg = Debug|Any CPU
		{B0788A7C-1297-4B64-BE84-10799BD6BE66}.Debug|Any CPU.Build.0 = Debug|Any CPU
		{B0788A7C-1297-4B64-BE84-10799BD6BE66}.Debug|Mixed Platforms.ActiveCfg = Debug|x86
		{B0788A7C-1297-4B64-BE84-10799BD6BE66}.Debug|Mixed Platforms.Build.0 = Debug|x86
		{B0788A7C-1297-4B64-BE84-10799BD6BE66}.Debug|x86.ActiveCfg = Debug|x86
		{B0788A7C-1297-4B64-BE84-10799BD6BE66}.Debug|x86.Build.0 = Debug|x86
		{B0788A7C-1297-4B64-BE84-10799BD6BE66}.Release|Any CPU.ActiveCfg = Release|Any CPU
		{B0788A7C-1297-4B64-BE84-10799BD6BE66}.Release|Any CPU.Build.0 = Release|Any CPU
		{B0788A7C-1297-4B64-BE84-10799BD6BE66}.Release|Mixed Platforms.ActiveCfg = Release|x86
		{B0788A7C-1297-4B64-BE84-10799BD6BE66}.Release|Mixed Platforms.Build.0 = Release|x86
		{B0788A7C-1297-4B64-BE84-10799BD6BE66}.Release|x86.ActiveCfg = Release|x86
		{B0788A7C-1297-4B64-BE84-10799BD6BE66}.Release|x86.Build.0 = Release|x86
		{249C2004-757F-44B9-BE01-B280727B98DC}.Debug|Any CPU.ActiveCfg = Debug|Any CPU
		{249C2004-757F-44B9-BE01-B280727B98DC}.Debug|Any CPU.Build.0 = Debug|Any CPU
		{249C2004-757F-44B9-BE01-B280727B98DC}.Debug|Mixed Platforms.ActiveCfg = Debug|x86
		{249C2004-757F-44B9-BE01-B280727B98DC}.Debug|Mixed Platforms.Build.0 = Debug|x86
		{249C2004-757F-44B9-BE01-B280727B98DC}.Debug|x86.ActiveCfg = Debug|x86
		{249C2004-757F-44B9-BE01-B280727B98DC}.Debug|x86.Build.0 = Debug|x86
		{249C2004-757F-44B9-BE01-B280727B98DC}.Release|Any CPU.ActiveCfg = Release|Any CPU
		{249C2004-757F-44B9-BE01-B280727B98DC}.Release|Any CPU.Build.0 = Release|Any CPU
		{249C2004-757F-44B9-BE01-B280727B98DC}.Release|Mixed Platforms.ActiveCfg = Release|x86
		{249C2004-757F-44B9-BE01-B280727B98DC}.Release|Mixed Platforms.Build.0 = Release|x86
		{249C2004-757F-44B9-BE01-B280727B98DC}.Release|x86.ActiveCfg = Release|x86
		{249C2004-757F-44B9-BE01-B280727B98DC}.Release|x86.Build.0 = Release|x86
		{4A68A730-8D2C-485D-B9C9-91EA2CEC5A3A}.Debug|Any CPU.ActiveCfg = Debug|Any CPU
		{4A68A730-8D2C-485D-B9C9-91EA2CEC5A3A}.Debug|Any CPU.Build.0 = Debug|Any CPU
		{4A68A730-8D2C-485D-B9C9-91EA2CEC5A3A}.Debug|Mixed Platforms.ActiveCfg = Debug|x86
		{4A68A730-8D2C-485D-B9C9-91EA2CEC5A3A}.Debug|Mixed Platforms.Build.0 = Debug|x86
		{4A68A730-8D2C-485D-B9C9-91EA2CEC5A3A}.Debug|x86.ActiveCfg = Debug|x86
		{4A68A730-8D2C-485D-B9C9-91EA2CEC5A3A}.Debug|x86.Build.0 = Debug|x86
		{4A68A730-8D2C-485D-B9C9-91EA2CEC5A3A}.Release|Any CPU.ActiveCfg = Release|Any CPU
		{4A68A730-8D2C-485D-B9C9-91EA2CEC5A3A}.Release|Any CPU.Build.0 = Release|Any CPU
		{4A68A730-8D2C-485D-B9C9-91EA2CEC5A3A}.Release|Mixed Platforms.ActiveCfg = Release|x86
		{4A68A730-8D2C-485D-B9C9-91EA2CEC5A3A}.Release|Mixed Platforms.Build.0 = Release|x86
		{4A68A730-8D2C-485D-B9C9-91EA2CEC5A3A}.Release|x86.ActiveCfg = Release|x86
		{4A68A730-8D2C-485D-B9C9-91EA2CEC5A3A}.Release|x86.Build.0 = Release|x86
		{F52AA97E-180A-40ED-8F2B-09080171D6C7}.Debug|Any CPU.ActiveCfg = Debug|Any CPU
		{F52AA97E-180A-40ED-8F2B-09080171D6C7}.Debug|Any CPU.Build.0 = Debug|Any CPU
		{F52AA97E-180A-40ED-8F2B-09080171D6C7}.Debug|Mixed Platforms.ActiveCfg = Debug|x86
		{F52AA97E-180A-40ED-8F2B-09080171D6C7}.Debug|Mixed Platforms.Build.0 = Debug|x86
		{F52AA97E-180A-40ED-8F2B-09080171D6C7}.Debug|x86.ActiveCfg = Debug|x86
		{F52AA97E-180A-40ED-8F2B-09080171D6C7}.Debug|x86.Build.0 = Debug|x86
		{F52AA97E-180A-40ED-8F2B-09080171D6C7}.Release|Any CPU.ActiveCfg = Release|Any CPU
		{F52AA97E-180A-40ED-8F2B-09080171D6C7}.Release|Any CPU.Build.0 = Release|Any CPU
		{F52AA97E-180A-40ED-8F2B-09080171D6C7}.Release|Mixed Platforms.ActiveCfg = Release|x86
		{F52AA97E-180A-40ED-8F2B-09080171D6C7}.Release|Mixed Platforms.Build.0 = Release|x86
		{F52AA97E-180A-40ED-8F2B-09080171D6C7}.Release|x86.ActiveCfg = Release|x86
		{F52AA97E-180A-40ED-8F2B-09080171D6C7}.Release|x86.Build.0 = Release|x86
		{BFCA88DD-1DAF-4447-96A4-A112C03B1570}.Debug|Any CPU.ActiveCfg = Debug|Any CPU
		{BFCA88DD-1DAF-4447-96A4-A112C03B1570}.Debug|Any CPU.Build.0 = Debug|Any CPU
		{BFCA88DD-1DAF-4447-96A4-A112C03B1570}.Debug|Mixed Platforms.ActiveCfg = Debug|x86
		{BFCA88DD-1DAF-4447-96A4-A112C03B1570}.Debug|Mixed Platforms.Build.0 = Debug|x86
		{BFCA88DD-1DAF-4447-96A4-A112C03B1570}.Debug|x86.ActiveCfg = Debug|x86
		{BFCA88DD-1DAF-4447-96A4-A112C03B1570}.Debug|x86.Build.0 = Debug|x86
		{BFCA88DD-1DAF-4447-96A4-A112C03B1570}.Release|Any CPU.ActiveCfg = Release|Any CPU
		{BFCA88DD-1DAF-4447-96A4-A112C03B1570}.Release|Any CPU.Build.0 = Release|Any CPU
		{BFCA88DD-1DAF-4447-96A4-A112C03B1570}.Release|Mixed Platforms.ActiveCfg = Release|x86
		{BFCA88DD-1DAF-4447-96A4-A112C03B1570}.Release|Mixed Platforms.Build.0 = Release|x86
		{BFCA88DD-1DAF-4447-96A4-A112C03B1570}.Release|x86.ActiveCfg = Release|x86
		{BFCA88DD-1DAF-4447-96A4-A112C03B1570}.Release|x86.Build.0 = Release|x86
		{3549CD6F-80F8-450F-B99E-CF0A736B1F2A}.Debug|Any CPU.ActiveCfg = Debug|Any CPU
		{3549CD6F-80F8-450F-B99E-CF0A736B1F2A}.Debug|Any CPU.Build.0 = Debug|Any CPU
		{3549CD6F-80F8-450F-B99E-CF0A736B1F2A}.Debug|Mixed Platforms.ActiveCfg = Debug|x86
		{3549CD6F-80F8-450F-B99E-CF0A736B1F2A}.Debug|Mixed Platforms.Build.0 = Debug|x86
		{3549CD6F-80F8-450F-B99E-CF0A736B1F2A}.Debug|x86.ActiveCfg = Debug|x86
		{3549CD6F-80F8-450F-B99E-CF0A736B1F2A}.Debug|x86.Build.0 = Debug|x86
		{3549CD6F-80F8-450F-B99E-CF0A736B1F2A}.Release|Any CPU.ActiveCfg = Release|Any CPU
		{3549CD6F-80F8-450F-B99E-CF0A736B1F2A}.Release|Any CPU.Build.0 = Release|Any CPU
		{3549CD6F-80F8-450F-B99E-CF0A736B1F2A}.Release|Mixed Platforms.ActiveCfg = Release|x86
		{3549CD6F-80F8-450F-B99E-CF0A736B1F2A}.Release|Mixed Platforms.Build.0 = Release|x86
		{3549CD6F-80F8-450F-B99E-CF0A736B1F2A}.Release|x86.ActiveCfg = Release|x86
		{3549CD6F-80F8-450F-B99E-CF0A736B1F2A}.Release|x86.Build.0 = Release|x86
		{3195DEBD-9EEF-410E-8FB6-CF804C541FD7}.Debug|Any CPU.ActiveCfg = Debug|Any CPU
		{3195DEBD-9EEF-410E-8FB6-CF804C541FD7}.Debug|Any CPU.Build.0 = Debug|Any CPU
		{3195DEBD-9EEF-410E-8FB6-CF804C541FD7}.Debug|Mixed Platforms.ActiveCfg = Debug|x86
		{3195DEBD-9EEF-410E-8FB6-CF804C541FD7}.Debug|Mixed Platforms.Build.0 = Debug|x86
		{3195DEBD-9EEF-410E-8FB6-CF804C541FD7}.Debug|x86.ActiveCfg = Debug|x86
		{3195DEBD-9EEF-410E-8FB6-CF804C541FD7}.Debug|x86.Build.0 = Debug|x86
		{3195DEBD-9EEF-410E-8FB6-CF804C541FD7}.Release|Any CPU.ActiveCfg = Release|Any CPU
		{3195DEBD-9EEF-410E-8FB6-CF804C541FD7}.Release|Any CPU.Build.0 = Release|Any CPU
		{3195DEBD-9EEF-410E-8FB6-CF804C541FD7}.Release|Mixed Platforms.ActiveCfg = Release|x86
		{3195DEBD-9EEF-410E-8FB6-CF804C541FD7}.Release|Mixed Platforms.Build.0 = Release|x86
		{3195DEBD-9EEF-410E-8FB6-CF804C541FD7}.Release|x86.ActiveCfg = Release|x86
		{3195DEBD-9EEF-410E-8FB6-CF804C541FD7}.Release|x86.Build.0 = Release|x86
		{9E8D07BE-E021-4991-9406-71A1668D99A8}.Debug|Any CPU.ActiveCfg = Debug|Any CPU
		{9E8D07BE-E021-4991-9406-71A1668D99A8}.Debug|Any CPU.Build.0 = Debug|Any CPU
		{9E8D07BE-E021-4991-9406-71A1668D99A8}.Debug|Mixed Platforms.ActiveCfg = Debug|Any CPU
		{9E8D07BE-E021-4991-9406-71A1668D99A8}.Debug|Mixed Platforms.Build.0 = Debug|Any CPU
		{9E8D07BE-E021-4991-9406-71A1668D99A8}.Debug|x86.ActiveCfg = Debug|x86
		{9E8D07BE-E021-4991-9406-71A1668D99A8}.Debug|x86.Build.0 = Debug|x86
		{9E8D07BE-E021-4991-9406-71A1668D99A8}.Release|Any CPU.ActiveCfg = Release|Any CPU
		{9E8D07BE-E021-4991-9406-71A1668D99A8}.Release|Any CPU.Build.0 = Release|Any CPU
		{9E8D07BE-E021-4991-9406-71A1668D99A8}.Release|Mixed Platforms.ActiveCfg = Release|Any CPU
		{9E8D07BE-E021-4991-9406-71A1668D99A8}.Release|Mixed Platforms.Build.0 = Release|Any CPU
		{9E8D07BE-E021-4991-9406-71A1668D99A8}.Release|x86.ActiveCfg = Release|x86
		{9E8D07BE-E021-4991-9406-71A1668D99A8}.Release|x86.Build.0 = Release|x86
		{317B6F1F-6ED8-4F63-973E-4504D232E94B}.Debug|Any CPU.ActiveCfg = Debug|Any CPU
		{317B6F1F-6ED8-4F63-973E-4504D232E94B}.Debug|Any CPU.Build.0 = Debug|Any CPU
		{317B6F1F-6ED8-4F63-973E-4504D232E94B}.Debug|Mixed Platforms.ActiveCfg = Debug|Any CPU
		{317B6F1F-6ED8-4F63-973E-4504D232E94B}.Debug|Mixed Platforms.Build.0 = Debug|Any CPU
		{317B6F1F-6ED8-4F63-973E-4504D232E94B}.Debug|x86.ActiveCfg = Debug|x86
		{317B6F1F-6ED8-4F63-973E-4504D232E94B}.Debug|x86.Build.0 = Debug|x86
		{317B6F1F-6ED8-4F63-973E-4504D232E94B}.Release|Any CPU.ActiveCfg = Release|Any CPU
		{317B6F1F-6ED8-4F63-973E-4504D232E94B}.Release|Any CPU.Build.0 = Release|Any CPU
		{317B6F1F-6ED8-4F63-973E-4504D232E94B}.Release|Mixed Platforms.ActiveCfg = Release|Any CPU
		{317B6F1F-6ED8-4F63-973E-4504D232E94B}.Release|Mixed Platforms.Build.0 = Release|Any CPU
		{317B6F1F-6ED8-4F63-973E-4504D232E94B}.Release|x86.ActiveCfg = Release|x86
		{317B6F1F-6ED8-4F63-973E-4504D232E94B}.Release|x86.Build.0 = Release|x86
		{9249E167-8F34-45C7-B1BE-9FE5C86458DD}.Debug|Any CPU.ActiveCfg = Debug|Any CPU
		{9249E167-8F34-45C7-B1BE-9FE5C86458DD}.Debug|Any CPU.Build.0 = Debug|Any CPU
		{9249E167-8F34-45C7-B1BE-9FE5C86458DD}.Debug|Mixed Platforms.ActiveCfg = Debug|Any CPU
		{9249E167-8F34-45C7-B1BE-9FE5C86458DD}.Debug|Mixed Platforms.Build.0 = Debug|Any CPU
		{9249E167-8F34-45C7-B1BE-9FE5C86458DD}.Debug|x86.ActiveCfg = Debug|x86
		{9249E167-8F34-45C7-B1BE-9FE5C86458DD}.Debug|x86.Build.0 = Debug|x86
		{9249E167-8F34-45C7-B1BE-9FE5C86458DD}.Release|Any CPU.ActiveCfg = Release|Any CPU
		{9249E167-8F34-45C7-B1BE-9FE5C86458DD}.Release|Any CPU.Build.0 = Release|Any CPU
		{9249E167-8F34-45C7-B1BE-9FE5C86458DD}.Release|Mixed Platforms.ActiveCfg = Release|Any CPU
		{9249E167-8F34-45C7-B1BE-9FE5C86458DD}.Release|Mixed Platforms.Build.0 = Release|Any CPU
		{9249E167-8F34-45C7-B1BE-9FE5C86458DD}.Release|x86.ActiveCfg = Release|x86
		{9249E167-8F34-45C7-B1BE-9FE5C86458DD}.Release|x86.Build.0 = Release|x86
		{7DCA20A9-3E1C-44F6-B1E6-8BA028B1DFF3}.Debug|Any CPU.ActiveCfg = Debug|Any CPU
		{7DCA20A9-3E1C-44F6-B1E6-8BA028B1DFF3}.Debug|Any CPU.Build.0 = Debug|Any CPU
		{7DCA20A9-3E1C-44F6-B1E6-8BA028B1DFF3}.Debug|Mixed Platforms.ActiveCfg = Debug|Any CPU
		{7DCA20A9-3E1C-44F6-B1E6-8BA028B1DFF3}.Debug|Mixed Platforms.Build.0 = Debug|Any CPU
		{7DCA20A9-3E1C-44F6-B1E6-8BA028B1DFF3}.Debug|x86.ActiveCfg = Debug|x86
		{7DCA20A9-3E1C-44F6-B1E6-8BA028B1DFF3}.Debug|x86.Build.0 = Debug|x86
		{7DCA20A9-3E1C-44F6-B1E6-8BA028B1DFF3}.Release|Any CPU.ActiveCfg = Release|Any CPU
		{7DCA20A9-3E1C-44F6-B1E6-8BA028B1DFF3}.Release|Any CPU.Build.0 = Release|Any CPU
		{7DCA20A9-3E1C-44F6-B1E6-8BA028B1DFF3}.Release|Mixed Platforms.ActiveCfg = Release|Any CPU
		{7DCA20A9-3E1C-44F6-B1E6-8BA028B1DFF3}.Release|Mixed Platforms.Build.0 = Release|Any CPU
		{7DCA20A9-3E1C-44F6-B1E6-8BA028B1DFF3}.Release|x86.ActiveCfg = Release|Any CPU
	EndGlobalSection
	GlobalSection(SolutionProperties) = preSolution
		HideSolutionNode = FALSE
	EndGlobalSection
EndGlobal
